<Solution>
  <Folder Name="/src/">
    <Project Path="src/OllimTelemetry.Cli/OllimTelemetry.Cli.csproj" />
    <Project Path="src/OllimTelemetry.Core/OllimTelemetry.Core.csproj" />
    <Project Path="src/OllimTelemetry.Models/OllimTelemetry.Models.csproj" />
    <Project Path="src/OllimTelemetry.Tests/OllimTelemetry.Tests.csproj" />
    <Project Path="src/OllimTelemetry.Tool/OllimTelemetry.Tool.csproj" />
  </Folder>
</Solution>
